// !$*UTF8*$!
{
	archiveVersion = 1;
	classes = {
	};
	objectVersion = 46;
	objects = {

/* Begin PBXBuildFile section */
		F10B3A23158522F300268830 /* SHMD5Computer.m in Sources */ = {isa = PBXBuildFile; fileRef = F10B3A22158522F300268830 /* SHMD5Computer.m */; };
		F1A73BCD1581EAA2002A4FFB /* Cocoa.framework in Frameworks */ = {isa = PBXBuildFile; fileRef = F1A73BCC1581EAA2002A4FFB /* Cocoa.framework */; };
		F1A73BD71581EAA2002A4FFB /* InfoPlist.strings in Resources */ = {isa = PBXBuildFile; fileRef = F1A73BD51581EAA2002A4FFB /* InfoPlist.strings */; };
		F1A73BD91581EAA2002A4FFB /* main.m in Sources */ = {isa = PBXBuildFile; fileRef = F1A73BD81581EAA2002A4FFB /* main.m */; };
		F1A73BDD1581EAA2002A4FFB /* Credits.rtf in Resources */ = {isa = PBXBuildFile; fileRef = F1A73BDB1581EAA2002A4FFB /* Credits.rtf */; };
		F1A73BE01581EAA2002A4FFB /* SHAppDelegate.m in Sources */ = {isa = PBXBuildFile; fileRef = F1A73BDF1581EAA2002A4FFB /* SHAppDelegate.m */; };
		F1A73BE31581EAA2002A4FFB /* MainMenu.xib in Resources */ = {isa = PBXBuildFile; fileRef = F1A73BE11581EAA2002A4FFB /* MainMenu.xib */; };
		F1A73BF41582AA7D002A4FFB /* SHHashComputer.m in Sources */ = {isa = PBXBuildFile; fileRef = F1A73BF31582AA7D002A4FFB /* SHHashComputer.m */; };
		F1A73BF81582B3A7002A4FFB /* SHHashResultViewController.m in Sources */ = {isa = PBXBuildFile; fileRef = F1A73BF61582B3A6002A4FFB /* SHHashResultViewController.m */; };
		F1A73BF91582B3A7002A4FFB /* SHHashResultView.xib in Resources */ = {isa = PBXBuildFile; fileRef = F1A73BF71582B3A6002A4FFB /* SHHashResultView.xib */; };
		F1A73C1315840CE3002A4FFB /* SHHashComputerContainer.m in Sources */ = {isa = PBXBuildFile; fileRef = F1A73C1215840CE3002A4FFB /* SHHashComputerContainer.m */; };
		F1A73C1915841E8A002A4FFB /* NSImage+QuickLook.m in Sources */ = {isa = PBXBuildFile; fileRef = F1A73C1615841E8A002A4FFB /* NSImage+QuickLook.m */; settings = {COMPILER_FLAGS = "-fno-objc-arc"; }; };
		F1A73C1A15841E8A002A4FFB /* README.rtf in Resources */ = {isa = PBXBuildFile; fileRef = F1A73C1715841E8A002A4FFB /* README.rtf */; };
		F1A73C1B15841E8A002A4FFB /* Source Code License.rtf in Resources */ = {isa = PBXBuildFile; fileRef = F1A73C1815841E8A002A4FFB /* Source Code License.rtf */; };
		F1A73C1D1584241A002A4FFB /* QuickLook.framework in Frameworks */ = {isa = PBXBuildFile; fileRef = F1A73C1C1584241A002A4FFB /* QuickLook.framework */; };
/* End PBXBuildFile section */

/* Begin PBXFileReference section */
		BF547BE1168662CC00BC3D30 /* hash.entitlements */ = {isa = PBXFileReference; lastKnownFileType = text.xml; name = hash.entitlements; path = hash/hash.entitlements; sourceTree = "<group>"; };
		F10B3A21158522F300268830 /* SHMD5Computer.h */ = {isa = PBXFileReference; fileEncoding = 4; lastKnownFileType = sourcecode.c.h; path = SHMD5Computer.h; sourceTree = "<group>"; };
		F10B3A22158522F300268830 /* SHMD5Computer.m */ = {isa = PBXFileReference; fileEncoding = 4; lastKnownFileType = sourcecode.c.objc; path = SHMD5Computer.m; sourceTree = "<group>"; };
		F1A73BC81581EAA2002A4FFB /* hash.app */ = {isa = PBXFileReference; explicitFileType = wrapper.application; includeInIndex = 0; path = hash.app; sourceTree = BUILT_PRODUCTS_DIR; };
		F1A73BCC1581EAA2002A4FFB /* Cocoa.framework */ = {isa = PBXFileReference; lastKnownFileType = wrapper.framework; name = Cocoa.framework; path = System/Library/Frameworks/Cocoa.framework; sourceTree = SDKROOT; };
		F1A73BCF1581EAA2002A4FFB /* AppKit.framework */ = {isa = PBXFileReference; lastKnownFileType = wrapper.framework; name = AppKit.framework; path = System/Library/Frameworks/AppKit.framework; sourceTree = SDKROOT; };
		F1A73BD01581EAA2002A4FFB /* CoreData.framework */ = {isa = PBXFileReference; lastKnownFileType = wrapper.framework; name = CoreData.framework; path = System/Library/Frameworks/CoreData.framework; sourceTree = SDKROOT; };
		F1A73BD11581EAA2002A4FFB /* Foundation.framework */ = {isa = PBXFileReference; lastKnownFileType = wrapper.framework; name = Foundation.framework; path = System/Library/Frameworks/Foundation.framework; sourceTree = SDKROOT; };
		F1A73BD41581EAA2002A4FFB /* hash-Info.plist */ = {isa = PBXFileReference; lastKnownFileType = text.plist.xml; path = "hash-Info.plist"; sourceTree = "<group>"; };
		F1A73BD61581EAA2002A4FFB /* en */ = {isa = PBXFileReference; lastKnownFileType = text.plist.strings; name = en; path = en.lproj/InfoPlist.strings; sourceTree = "<group>"; };
		F1A73BD81581EAA2002A4FFB /* main.m */ = {isa = PBXFileReference; lastKnownFileType = sourcecode.c.objc; path = main.m; sourceTree = "<group>"; };
		F1A73BDA1581EAA2002A4FFB /* hash-Prefix.pch */ = {isa = PBXFileReference; lastKnownFileType = sourcecode.c.h; path = "hash-Prefix.pch"; sourceTree = "<group>"; };
		F1A73BDC1581EAA2002A4FFB /* en */ = {isa = PBXFileReference; lastKnownFileType = text.rtf; name = en; path = en.lproj/Credits.rtf; sourceTree = "<group>"; };
		F1A73BDE1581EAA2002A4FFB /* SHAppDelegate.h */ = {isa = PBXFileReference; lastKnownFileType = sourcecode.c.h; path = SHAppDelegate.h; sourceTree = "<group>"; };
		F1A73BDF1581EAA2002A4FFB /* SHAppDelegate.m */ = {isa = PBXFileReference; lastKnownFileType = sourcecode.c.objc; path = SHAppDelegate.m; sourceTree = "<group>"; };
		F1A73BE21581EAA2002A4FFB /* en */ = {isa = PBXFileReference; lastKnownFileType = file.xib; name = en; path = en.lproj/MainMenu.xib; sourceTree = "<group>"; };
		F1A73BF21582AA7D002A4FFB /* SHHashComputer.h */ = {isa = PBXFileReference; fileEncoding = 4; lastKnownFileType = sourcecode.c.h; name = SHHashComputer.h; path = hash/SHHashComputer.h; sourceTree = "<group>"; };
		F1A73BF31582AA7D002A4FFB /* SHHashComputer.m */ = {isa = PBXFileReference; fileEncoding = 4; lastKnownFileType = sourcecode.c.objc; name = SHHashComputer.m; path = hash/SHHashComputer.m; sourceTree = "<group>"; };
		F1A73BF51582B3A6002A4FFB /* SHHashResultViewController.h */ = {isa = PBXFileReference; fileEncoding = 4; lastKnownFileType = sourcecode.c.h; path = SHHashResultViewController.h; sourceTree = "<group>"; };
		F1A73BF61582B3A6002A4FFB /* SHHashResultViewController.m */ = {isa = PBXFileReference; fileEncoding = 4; lastKnownFileType = sourcecode.c.objc; path = SHHashResultViewController.m; sourceTree = "<group>"; };
		F1A73BF71582B3A6002A4FFB /* SHHashResultView.xib */ = {isa = PBXFileReference; fileEncoding = 4; lastKnownFileType = file.xib; name = SHHashResultView.xib; path = ../SHHashResultView.xib; sourceTree = "<group>"; };
		F1A73C1115840CE3002A4FFB /* SHHashComputerContainer.h */ = {isa = PBXFileReference; fileEncoding = 4; lastKnownFileType = sourcecode.c.h; path = SHHashComputerContainer.h; sourceTree = "<group>"; };
		F1A73C1215840CE3002A4FFB /* SHHashComputerContainer.m */ = {isa = PBXFileReference; fileEncoding = 4; lastKnownFileType = sourcecode.c.objc; path = SHHashComputerContainer.m; sourceTree = "<group>"; };
		F1A73C1515841E8A002A4FFB /* NSImage+QuickLook.h */ = {isa = PBXFileReference; fileEncoding = 4; lastKnownFileType = sourcecode.c.h; path = "NSImage+QuickLook.h"; sourceTree = "<group>"; };
		F1A73C1615841E8A002A4FFB /* NSImage+QuickLook.m */ = {isa = PBXFileReference; fileEncoding = 4; lastKnownFileType = sourcecode.c.objc; path = "NSImage+QuickLook.m"; sourceTree = "<group>"; };
		F1A73C1715841E8A002A4FFB /* README.rtf */ = {isa = PBXFileReference; fileEncoding = 4; lastKnownFileType = text.rtf; path = README.rtf; sourceTree = "<group>"; };
		F1A73C1815841E8A002A4FFB /* Source Code License.rtf */ = {isa = PBXFileReference; fileEncoding = 4; lastKnownFileType = text.rtf; path = "Source Code License.rtf"; sourceTree = "<group>"; };
		F1A73C1C1584241A002A4FFB /* QuickLook.framework */ = {isa = PBXFileReference; lastKnownFileType = wrapper.framework; name = QuickLook.framework; path = System/Library/Frameworks/QuickLook.framework; sourceTree = SDKROOT; };
/* End PBXFileReference section */

/* Begin PBXFrameworksBuildPhase section */
		F1A73BC51581EAA2002A4FFB /* Frameworks */ = {
			isa = PBXFrameworksBuildPhase;
			buildActionMask = 2147483647;
			files = (
				F1A73C1D1584241A002A4FFB /* QuickLook.framework in Frameworks */,
				F1A73BCD1581EAA2002A4FFB /* Cocoa.framework in Frameworks */,
			);
			runOnlyForDeploymentPostprocessing = 0;
		};
/* End PBXFrameworksBuildPhase section */

/* Begin PBXGroup section */
		F10B3A251585521B00268830 /* Extensions */ = {
			isa = PBXGroup;
			children = (
				F1A73C1415841E8A002A4FFB /* NSImageQuickLook */,
			);
			name = Extensions;
			sourceTree = "<group>";
		};
		F1A73BBD1581EAA2002A4FFB = {
			isa = PBXGroup;
			children = (
				BF547BE1168662CC00BC3D30 /* hash.entitlements */,
				F10B3A251585521B00268830 /* Extensions */,
				F1A73BFA1582B3AE002A4FFB /* Controller */,
				F1A73BF115829CC0002A4FFB /* Model */,
				F1A73BF015829CA1002A4FFB /* View */,
				F1A73BEF15829C81002A4FFB /* Resources */,
				F1A73BCB1581EAA2002A4FFB /* Frameworks */,
				F1A73BC91581EAA2002A4FFB /* Products */,
			);
			sourceTree = "<group>";
		};
		F1A73BC91581EAA2002A4FFB /* Products */ = {
			isa = PBXGroup;
			children = (
				F1A73BC81581EAA2002A4FFB /* hash.app */,
			);
			name = Products;
			sourceTree = "<group>";
		};
		F1A73BCB1581EAA2002A4FFB /* Frameworks */ = {
			isa = PBXGroup;
			children = (
				F1A73BCC1581EAA2002A4FFB /* Cocoa.framework */,
				F1A73BCE1581EAA2002A4FFB /* Other Frameworks */,
			);
			name = Frameworks;
			sourceTree = "<group>";
		};
		F1A73BCE1581EAA2002A4FFB /* Other Frameworks */ = {
			isa = PBXGroup;
			children = (
				F1A73C1C1584241A002A4FFB /* QuickLook.framework */,
				F1A73BCF1581EAA2002A4FFB /* AppKit.framework */,
				F1A73BD01581EAA2002A4FFB /* CoreData.framework */,
				F1A73BD11581EAA2002A4FFB /* Foundation.framework */,
			);
			name = "Other Frameworks";
			sourceTree = "<group>";
		};
		F1A73BD31581EAA2002A4FFB /* Supporting Files */ = {
			isa = PBXGroup;
			children = (
				F1A73BD41581EAA2002A4FFB /* hash-Info.plist */,
				F1A73BD51581EAA2002A4FFB /* InfoPlist.strings */,
				F1A73BD81581EAA2002A4FFB /* main.m */,
				F1A73BDA1581EAA2002A4FFB /* hash-Prefix.pch */,
				F1A73BDB1581EAA2002A4FFB /* Credits.rtf */,
			);
			name = "Supporting Files";
			sourceTree = "<group>";
		};
		F1A73BEF15829C81002A4FFB /* Resources */ = {
			isa = PBXGroup;
			children = (
				F1A73BF71582B3A6002A4FFB /* SHHashResultView.xib */,
				F1A73BE11581EAA2002A4FFB /* MainMenu.xib */,
				F1A73BD31581EAA2002A4FFB /* Supporting Files */,
			);
			name = Resources;
			path = hash;
			sourceTree = "<group>";
		};
		F1A73BF015829CA1002A4FFB /* View */ = {
			isa = PBXGroup;
			children = (
				F1A73BDE1581EAA2002A4FFB /* SHAppDelegate.h */,
				F1A73BDF1581EAA2002A4FFB /* SHAppDelegate.m */,
			);
			name = View;
			path = hash;
			sourceTree = "<group>";
		};
		F1A73BF115829CC0002A4FFB /* Model */ = {
			isa = PBXGroup;
			children = (
				F1A73BF21582AA7D002A4FFB /* SHHashComputer.h */,
				F1A73BF31582AA7D002A4FFB /* SHHashComputer.m */,
				F1A73C1115840CE3002A4FFB /* SHHashComputerContainer.h */,
				F1A73C1215840CE3002A4FFB /* SHHashComputerContainer.m */,
				F10B3A21158522F300268830 /* SHMD5Computer.h */,
				F10B3A22158522F300268830 /* SHMD5Computer.m */,
			);
			name = Model;
			sourceTree = "<group>";
		};
		F1A73BFA1582B3AE002A4FFB /* Controller */ = {
			isa = PBXGroup;
			children = (
				F1A73BF51582B3A6002A4FFB /* SHHashResultViewController.h */,
				F1A73BF61582B3A6002A4FFB /* SHHashResultViewController.m */,
			);
			name = Controller;
			sourceTree = "<group>";
		};
		F1A73C1415841E8A002A4FFB /* NSImageQuickLook */ = {
			isa = PBXGroup;
			children = (
				F1A73C1515841E8A002A4FFB /* NSImage+QuickLook.h */,
				F1A73C1615841E8A002A4FFB /* NSImage+QuickLook.m */,
				F1A73C1715841E8A002A4FFB /* README.rtf */,
				F1A73C1815841E8A002A4FFB /* Source Code License.rtf */,
			);
			name = NSImageQuickLook;
			path = hash/NSImageQuickLook;
			sourceTree = "<group>";
		};
/* End PBXGroup section */

/* Begin PBXNativeTarget section */
		F1A73BC71581EAA2002A4FFB /* hash */ = {
			isa = PBXNativeTarget;
			buildConfigurationList = F1A73BE61581EAA2002A4FFB /* Build configuration list for PBXNativeTarget "hash" */;
			buildPhases = (
				BF547BE21686634B00BC3D30 /* ShellScript */,
				F1A73BC41581EAA2002A4FFB /* Sources */,
				F1A73BC51581EAA2002A4FFB /* Frameworks */,
				F1A73BC61581EAA2002A4FFB /* Resources */,
			);
			buildRules = (
			);
			dependencies = (
			);
			name = hash;
			productName = hash;
			productReference = F1A73BC81581EAA2002A4FFB /* hash.app */;
			productType = "com.apple.product-type.application";
		};
/* End PBXNativeTarget section */

/* Begin PBXProject section */
		F1A73BBF1581EAA2002A4FFB /* Project object */ = {
			isa = PBXProject;
			attributes = {
				CLASSPREFIX = SH;
				LastUpgradeCheck = 0450;
				ORGANIZATIONNAME = "e.chugreeva@gmail.com";
			};
			buildConfigurationList = F1A73BC21581EAA2002A4FFB /* Build configuration list for PBXProject "hash" */;
			compatibilityVersion = "Xcode 3.2";
			developmentRegion = English;
			hasScannedForEncodings = 0;
			knownRegions = (
				en,
			);
			mainGroup = F1A73BBD1581EAA2002A4FFB;
			productRefGroup = F1A73BC91581EAA2002A4FFB /* Products */;
			projectDirPath = "";
			projectRoot = "";
			targets = (
				F1A73BC71581EAA2002A4FFB /* hash */,
			);
		};
/* End PBXProject section */

/* Begin PBXResourcesBuildPhase section */
		F1A73BC61581EAA2002A4FFB /* Resources */ = {
			isa = PBXResourcesBuildPhase;
			buildActionMask = 2147483647;
			files = (
				F1A73BD71581EAA2002A4FFB /* InfoPlist.strings in Resources */,
				F1A73BDD1581EAA2002A4FFB /* Credits.rtf in Resources */,
				F1A73BE31581EAA2002A4FFB /* MainMenu.xib in Resources */,
				F1A73BF91582B3A7002A4FFB /* SHHashResultView.xib in Resources */,
				F1A73C1A15841E8A002A4FFB /* README.rtf in Resources */,
				F1A73C1B15841E8A002A4FFB /* Source Code License.rtf in Resources */,
			);
			runOnlyForDeploymentPostprocessing = 0;
		};
/* End PBXResourcesBuildPhase section */

/* Begin PBXShellScriptBuildPhase section */
		BF547BE21686634B00BC3D30 /* ShellScript */ = {
			isa = PBXShellScriptBuildPhase;
			buildActionMask = 2147483647;
			files = (
			);
			inputPaths = (
			);
			outputPaths = (
			);
			runOnlyForDeploymentPostprocessing = 0;
			shellPath = /bin/sh;
			shellScript = "#!/bin/bash\nbN=$(/usr/libexec/PlistBuddy -c \"Print CFBundleVersion\" \"$INFOPLIST_FILE\")\nbN=$((0x$bN))\nbN=$(($bN + 1))\nbN=$(printf \"%X\" $bN)\n/usr/libexec/PlistBuddy -c \"Set :CFBundleVersion $bN\" \"$INFOPLIST_FILE\"";
		};
/* End PBXShellScriptBuildPhase section */

/* Begin PBXSourcesBuildPhase section */
		F1A73BC41581EAA2002A4FFB /* Sources */ = {
			isa = PBXSourcesBuildPhase;
			buildActionMask = 2147483647;
			files = (
				F1A73BD91581EAA2002A4FFB /* main.m in Sources */,
				F1A73BE01581EAA2002A4FFB /* SHAppDelegate.m in Sources */,
				F1A73BF41582AA7D002A4FFB /* SHHashComputer.m in Sources */,
				F1A73BF81582B3A7002A4FFB /* SHHashResultViewController.m in Sources */,
				F1A73C1315840CE3002A4FFB /* SHHashComputerContainer.m in Sources */,
				F1A73C1915841E8A002A4FFB /* NSImage+QuickLook.m in Sources */,
				F10B3A23158522F300268830 /* SHMD5Computer.m in Sources */,
			);
			runOnlyForDeploymentPostprocessing = 0;
		};
/* End PBXSourcesBuildPhase section */

/* Begin PBXVariantGroup section */
		F1A73BD51581EAA2002A4FFB /* InfoPlist.strings */ = {
			isa = PBXVariantGroup;
			children = (
				F1A73BD61581EAA2002A4FFB /* en */,
			);
			name = InfoPlist.strings;
			sourceTree = "<group>";
		};
		F1A73BDB1581EAA2002A4FFB /* Credits.rtf */ = {
			isa = PBXVariantGroup;
			children = (
				F1A73BDC1581EAA2002A4FFB /* en */,
			);
			name = Credits.rtf;
			sourceTree = "<group>";
		};
		F1A73BE11581EAA2002A4FFB /* MainMenu.xib */ = {
			isa = PBXVariantGroup;
			children = (
				F1A73BE21581EAA2002A4FFB /* en */,
			);
			name = MainMenu.xib;
			sourceTree = "<group>";
		};
/* End PBXVariantGroup section */

/* Begin XCBuildConfiguration section */
		F1A73BE41581EAA2002A4FFB /* Debug */ = {
			isa = XCBuildConfiguration;
			buildSettings = {
				ALWAYS_SEARCH_USER_PATHS = NO;
				ARCHS = "$(ARCHS_STANDARD_64_BIT)";
				CLANG_ENABLE_OBJC_ARC = YES;
				COPY_PHASE_STRIP = NO;
				GCC_C_LANGUAGE_STANDARD = gnu99;
				GCC_DYNAMIC_NO_PIC = NO;
				GCC_ENABLE_OBJC_EXCEPTIONS = YES;
				GCC_OPTIMIZATION_LEVEL = 0;
				GCC_PREPROCESSOR_DEFINITIONS = (
					"DEBUG=1",
					"$(inherited)",
				);
				GCC_SYMBOLS_PRIVATE_EXTERN = NO;
				GCC_VERSION = com.apple.compilers.llvm.clang.1_0;
				GCC_WARN_64_TO_32_BIT_CONVERSION = YES;
				GCC_WARN_ABOUT_RETURN_TYPE = YES;
				GCC_WARN_UNINITIALIZED_AUTOS = YES;
				GCC_WARN_UNUSED_VARIABLE = YES;
				MACOSX_DEPLOYMENT_TARGET = 10.7;
				ONLY_ACTIVE_ARCH = YES;
				SDKROOT = macosx;
			};
			name = Debug;
		};
		F1A73BE51581EAA2002A4FFB /* Release */ = {
			isa = XCBuildConfiguration;
			buildSettings = {
				ALWAYS_SEARCH_USER_PATHS = NO;
				ARCHS = "$(ARCHS_STANDARD_64_BIT)";
				CLANG_ENABLE_OBJC_ARC = YES;
				COPY_PHASE_STRIP = YES;
				DEBUG_INFORMATION_FORMAT = "dwarf-with-dsym";
				GCC_C_LANGUAGE_STANDARD = gnu99;
				GCC_ENABLE_OBJC_EXCEPTIONS = YES;
				GCC_VERSION = com.apple.compilers.llvm.clang.1_0;
				GCC_WARN_64_TO_32_BIT_CONVERSION = YES;
				GCC_WARN_ABOUT_RETURN_TYPE = YES;
				GCC_WARN_UNINITIALIZED_AUTOS = YES;
				GCC_WARN_UNUSED_VARIABLE = YES;
				MACOSX_DEPLOYMENT_TARGET = 10.7;
				SDKROOT = macosx;
			};
			name = Release;
		};
		F1A73BE71581EAA2002A4FFB /* Debug */ = {
			isa = XCBuildConfiguration;
			buildSettings = {
				COMBINE_HIDPI_IMAGES = YES;
				GCC_PRECOMPILE_PREFIX_HEADER = YES;
				GCC_PREFIX_HEADER = "hash/hash-Prefix.pch";
				INFOPLIST_FILE = "hash/hash-Info.plist";
				PRODUCT_NAME = "$(TARGET_NAME)";
				WRAPPER_EXTENSION = app;
			};
			name = Debug;
		};
		F1A73BE81581EAA2002A4FFB /* Release */ = {
			isa = XCBuildConfiguration;
			buildSettings = {
				COMBINE_HIDPI_IMAGES = YES;
				GCC_PRECOMPILE_PREFIX_HEADER = YES;
				GCC_PREFIX_HEADER = "hash/hash-Prefix.pch";
				INFOPLIST_FILE = "hash/hash-Info.plist";
				PRODUCT_NAME = "$(TARGET_NAME)";
				WRAPPER_EXTENSION = app;
			};
			name = Release;
		};
/* End XCBuildConfiguration section */

/* Begin XCConfigurationList section */
		F1A73BC21581EAA2002A4FFB /* Build configuration list for PBXProject "hash" */ = {
			isa = XCConfigurationList;
			buildConfigurations = (
				F1A73BE41581EAA2002A4FFB /* Debug */,
				F1A73BE51581EAA2002A4FFB /* Release */,
			);
			defaultConfigurationIsVisible = 0;
			defaultConfigurationName = Release;
		};
		F1A73BE61581EAA2002A4FFB /* Build configuration list for PBXNativeTarget "hash" */ = {
			isa = XCConfigurationList;
			buildConfigurations = (
				F1A73BE71581EAA2002A4FFB /* Debug */,
				F1A73BE81581EAA2002A4FFB /* Release */,
			);
			defaultConfigurationIsVisible = 0;
			defaultConfigurationName = Release;
		};
/* End XCConfigurationList section */
	};
	rootObject = F1A73BBF1581EAA2002A4FFB /* Project object */;
}
